Microsoft Visual Studio Solution File, Format Version 12.00
# Visual Studio Version 17
VisualStudioVersion = 17.5.2.0
MinimumVisualStudioVersion = 10.0.40219.1
Project("{FAE04EC0-301F-11D3-BF4B-00C04F79EFBC}") = "dt071g-project", "dt071g-project.csproj", "{8A93C941-D19F-37D3-AD02-20E9B1A13B45}"
EndProject
Global
	GlobalSection(SolutionConfigurationPlatforms) = preSolution
		Debug|Any CPU = Debug|Any CPU
		Release|Any CPU = Release|Any CPU
	EndGlobalSection
	GlobalSection(ProjectConfigurationPlatforms) = postSolution
		{8A93C941-D19F-37D3-AD02-20E9B1A13B45}.Debug|Any CPU.ActiveCfg = Debug|Any CPU
		{8A93C941-D19F-37D3-AD02-20E9B1A13B45}.Debug|Any CPU.Build.0 = Debug|Any CPU
		{8A93C941-D19F-37D3-AD02-20E9B1A13B45}.Release|Any CPU.ActiveCfg = Release|Any CPU
		{8A93C941-D19F-37D3-AD02-20E9B1A13B45}.Release|Any CPU.Build.0 = Release|Any CPU
	EndGlobalSection
	GlobalSection(SolutionProperties) = preSolution
		HideSolutionNode = FALSE
	EndGlobalSection
	GlobalSection(ExtensibilityGlobals) = postSolution
		SolutionGuid = {356D1BAB-4233-40A0-8B77-C5185697E280}
	EndGlobalSection
EndGlobal
